// !$*UTF8*$!
{
	archiveVersion = 1;
	classes = {
	};
	objectVersion = 50;
	objects = {

/* Begin PBXBuildFile section */
		1414AF1F2699BED200B9066C /* RecentTableViewDelegate.swift in Sources */ = {isa = PBXBuildFile; fileRef = 1414AF1E2699BED200B9066C /* RecentTableViewDelegate.swift */; };
		1414AF212699FEC000B9066C /* WaterfallLayout.swift in Sources */ = {isa = PBXBuildFile; fileRef = 1414AF202699FEC000B9066C /* WaterfallLayout.swift */; };
		142C23A12698DE1700C99E54 /* PhotosTableViewDelegate.swift in Sources */ = {isa = PBXBuildFile; fileRef = 142C23A02698DE1700C99E54 /* PhotosTableViewDelegate.swift */; };
		142C23A42698DE2000C99E54 /* PhotosTableViewDataStore.swift in Sources */ = {isa = PBXBuildFile; fileRef = 142C23A22698DE2000C99E54 /* PhotosTableViewDataStore.swift */; };
		142C23A52698DE2000C99E54 /* PhotosCollectionService.swift in Sources */ = {isa = PBXBuildFile; fileRef = 142C23A32698DE2000C99E54 /* PhotosCollectionService.swift */; };
		142C23A72698DE3B00C99E54 /* RecentTableViewCell.swift in Sources */ = {isa = PBXBuildFile; fileRef = 142C23A62698DE3B00C99E54 /* RecentTableViewCell.swift */; };
		142C23A92698DE3D00C99E54 /* RecentTableView.swift in Sources */ = {isa = PBXBuildFile; fileRef = 142C23A82698DE3D00C99E54 /* RecentTableView.swift */; };
		143E00052691CC6400D912F6 /* PhotosCollectionDataFlow.swift in Sources */ = {isa = PBXBuildFile; fileRef = 143E00002691CC6400D912F6 /* PhotosCollectionDataFlow.swift */; };
		143E00062691CC6400D912F6 /* PhotosCollectionPresenter.swift in Sources */ = {isa = PBXBuildFile; fileRef = 143E00012691CC6400D912F6 /* PhotosCollectionPresenter.swift */; };
		143E00072691CC6400D912F6 /* PhotosCollectionBuilder.swift in Sources */ = {isa = PBXBuildFile; fileRef = 143E00022691CC6400D912F6 /* PhotosCollectionBuilder.swift */; };
		143E00082691CC6400D912F6 /* PhotosCollectionInteractor.swift in Sources */ = {isa = PBXBuildFile; fileRef = 143E00032691CC6400D912F6 /* PhotosCollectionInteractor.swift */; };
		143E00092691CC6400D912F6 /* PhotosCollectionViewController.swift in Sources */ = {isa = PBXBuildFile; fileRef = 143E00042691CC6400D912F6 /* PhotosCollectionViewController.swift */; };
		143E000C2691CC9400D912F6 /* CoreDataStack.swift in Sources */ = {isa = PBXBuildFile; fileRef = 143E000A2691CC9400D912F6 /* CoreDataStack.swift */; };
		143E000D2691CC9400D912F6 /* PhotosCollectionModel.swift in Sources */ = {isa = PBXBuildFile; fileRef = 143E000B2691CC9400D912F6 /* PhotosCollectionModel.swift */; };
		143E00102691CCA800D912F6 /* PhotosCollectionProvider.swift in Sources */ = {isa = PBXBuildFile; fileRef = 143E000E2691CCA700D912F6 /* PhotosCollectionProvider.swift */; };
		145DFC462698F53200CDDF36 /* Images+CoreDataClass.swift in Sources */ = {isa = PBXBuildFile; fileRef = 145DFC442698F53200CDDF36 /* Images+CoreDataClass.swift */; };
		145DFC472698F53200CDDF36 /* Images+CoreDataProperties.swift in Sources */ = {isa = PBXBuildFile; fileRef = 145DFC452698F53200CDDF36 /* Images+CoreDataProperties.swift */; };
		1466BA35269903860035F783 /* RecentTableViewDataStore.swift in Sources */ = {isa = PBXBuildFile; fileRef = 1466BA34269903860035F783 /* RecentTableViewDataStore.swift */; };
		1466BA3C269903D90035F783 /* Recent+CoreDataProperties.swift in Sources */ = {isa = PBXBuildFile; fileRef = 1466BA3A269903D80035F783 /* Recent+CoreDataProperties.swift */; };
		1466BA3D269903D90035F783 /* Recent+CoreDataClass.swift in Sources */ = {isa = PBXBuildFile; fileRef = 1466BA3B269903D90035F783 /* Recent+CoreDataClass.swift */; };
		1466BA3F2699077B0035F783 /* DIContainer.swift in Sources */ = {isa = PBXBuildFile; fileRef = 1466BA3E2699077B0035F783 /* DIContainer.swift */; };
		146BABD02692055200B10A43 /* MainTabBarController.swift in Sources */ = {isa = PBXBuildFile; fileRef = 146BABCF2692055200B10A43 /* MainTabBarController.swift */; };
		146BABD526921FA900B10A43 /* FavoriteViewController.swift in Sources */ = {isa = PBXBuildFile; fileRef = 146BABD426921FA900B10A43 /* FavoriteViewController.swift */; };
		146BABD726921FE900B10A43 /* RandomImagesViewController.swift in Sources */ = {isa = PBXBuildFile; fileRef = 146BABD626921FE900B10A43 /* RandomImagesViewController.swift */; };
		1491D8B0269B043D007045AC /* PhotoViewerController.swift in Sources */ = {isa = PBXBuildFile; fileRef = 1491D8AF269B043D007045AC /* PhotoViewerController.swift */; };
		1491D8B2269B0E84007045AC /* PhotoViewerView.swift in Sources */ = {isa = PBXBuildFile; fileRef = 1491D8B1269B0E84007045AC /* PhotoViewerView.swift */; };
		1491D8B4269B1F13007045AC /* ImageView_Extension.swift in Sources */ = {isa = PBXBuildFile; fileRef = 1491D8B3269B1F13007045AC /* ImageView_Extension.swift */; };
		1491D8B6269B202B007045AC /* PhotoViewerModel.swift in Sources */ = {isa = PBXBuildFile; fileRef = 1491D8B5269B202B007045AC /* PhotoViewerModel.swift */; };
		1493EF2326934ECF000A9B08 /* PhotosTablieView.swift in Sources */ = {isa = PBXBuildFile; fileRef = 1493EF2226934ECF000A9B08 /* PhotosTablieView.swift */; };
		1493EF2926935055000A9B08 /* PhotosTableViewCell.swift in Sources */ = {isa = PBXBuildFile; fileRef = 1493EF2826935055000A9B08 /* PhotosTableViewCell.swift */; };
		4A385AF6268F515600EC0D51 /* AppDelegate.swift in Sources */ = {isa = PBXBuildFile; fileRef = 4A385AF5268F515600EC0D51 /* AppDelegate.swift */; };
		4A385B00268F515600EC0D51 /* SearchPhoto.xcdatamodeld in Sources */ = {isa = PBXBuildFile; fileRef = 4A385AFE268F515600EC0D51 /* SearchPhoto.xcdatamodeld */; };
		4A385B02268F515D00EC0D51 /* Assets.xcassets in Resources */ = {isa = PBXBuildFile; fileRef = 4A385B01268F515D00EC0D51 /* Assets.xcassets */; };
		4A385B05268F515D00EC0D51 /* LaunchScreen.storyboard in Resources */ = {isa = PBXBuildFile; fileRef = 4A385B03268F515D00EC0D51 /* LaunchScreen.storyboard */; };
		4A385B10268F515D00EC0D51 /* SearchPhotoTests.swift in Sources */ = {isa = PBXBuildFile; fileRef = 4A385B0F268F515D00EC0D51 /* SearchPhotoTests.swift */; };
		4A385B1B268F515E00EC0D51 /* SearchPhotoUITests.swift in Sources */ = {isa = PBXBuildFile; fileRef = 4A385B1A268F515E00EC0D51 /* SearchPhotoUITests.swift */; };
		4A9BF5EA26986A0D00302AC3 /* APIMethods.swift in Sources */ = {isa = PBXBuildFile; fileRef = 4A9BF5E826986A0C00302AC3 /* APIMethods.swift */; };
		4A9BF5EB26986A0D00302AC3 /* API.swift in Sources */ = {isa = PBXBuildFile; fileRef = 4A9BF5E926986A0D00302AC3 /* API.swift */; };
/* End PBXBuildFile section */

/* Begin PBXContainerItemProxy section */
		4A385B0C268F515D00EC0D51 /* PBXContainerItemProxy */ = {
			isa = PBXContainerItemProxy;
			containerPortal = 4A385AEA268F515500EC0D51 /* Project object */;
			proxyType = 1;
			remoteGlobalIDString = 4A385AF1268F515500EC0D51;
			remoteInfo = SearchPhoto;
		};
		4A385B17268F515E00EC0D51 /* PBXContainerItemProxy */ = {
			isa = PBXContainerItemProxy;
			containerPortal = 4A385AEA268F515500EC0D51 /* Project object */;
			proxyType = 1;
			remoteGlobalIDString = 4A385AF1268F515500EC0D51;
			remoteInfo = SearchPhoto;
		};
/* End PBXContainerItemProxy section */

/* Begin PBXFileReference section */
		1414AF1E2699BED200B9066C /* RecentTableViewDelegate.swift */ = {isa = PBXFileReference; lastKnownFileType = sourcecode.swift; path = RecentTableViewDelegate.swift; sourceTree = SOURCE_ROOT; };
		1414AF202699FEC000B9066C /* WaterfallLayout.swift */ = {isa = PBXFileReference; lastKnownFileType = sourcecode.swift; path = WaterfallLayout.swift; sourceTree = "<group>"; };
		142C23A02698DE1700C99E54 /* PhotosTableViewDelegate.swift */ = {isa = PBXFileReference; fileEncoding = 4; lastKnownFileType = sourcecode.swift; name = PhotosTableViewDelegate.swift; path = SearchPhoto/PhotosCollection/PhotosTableViewDelegate.swift; sourceTree = SOURCE_ROOT; };
		142C23A22698DE2000C99E54 /* PhotosTableViewDataStore.swift */ = {isa = PBXFileReference; fileEncoding = 4; lastKnownFileType = sourcecode.swift; path = PhotosTableViewDataStore.swift; sourceTree = SOURCE_ROOT; };
		142C23A32698DE2000C99E54 /* PhotosCollectionService.swift */ = {isa = PBXFileReference; fileEncoding = 4; lastKnownFileType = sourcecode.swift; name = PhotosCollectionService.swift; path = SearchPhoto/PhotosCollection/Provider/PhotosCollectionService.swift; sourceTree = SOURCE_ROOT; };
		142C23A62698DE3B00C99E54 /* RecentTableViewCell.swift */ = {isa = PBXFileReference; lastKnownFileType = sourcecode.swift; name = RecentTableViewCell.swift; path = /Users/flavon/Desktop/SearchPhoto/View/RecentTableViewCell.swift; sourceTree = "<absolute>"; };
		142C23A82698DE3D00C99E54 /* RecentTableView.swift */ = {isa = PBXFileReference; lastKnownFileType = sourcecode.swift; name = RecentTableView.swift; path = /Users/flavon/Desktop/SearchPhoto/View/RecentTableView.swift; sourceTree = "<absolute>"; };
		143E00002691CC6400D912F6 /* PhotosCollectionDataFlow.swift */ = {isa = PBXFileReference; fileEncoding = 4; lastKnownFileType = sourcecode.swift; name = PhotosCollectionDataFlow.swift; path = SearchPhoto/PhotosCollection/PhotosCollectionDataFlow.swift; sourceTree = SOURCE_ROOT; };
		143E00012691CC6400D912F6 /* PhotosCollectionPresenter.swift */ = {isa = PBXFileReference; fileEncoding = 4; lastKnownFileType = sourcecode.swift; name = PhotosCollectionPresenter.swift; path = SearchPhoto/PhotosCollection/PhotosCollectionPresenter.swift; sourceTree = SOURCE_ROOT; };
		143E00022691CC6400D912F6 /* PhotosCollectionBuilder.swift */ = {isa = PBXFileReference; fileEncoding = 4; lastKnownFileType = sourcecode.swift; name = PhotosCollectionBuilder.swift; path = SearchPhoto/PhotosCollection/PhotosCollectionBuilder.swift; sourceTree = SOURCE_ROOT; };
		143E00032691CC6400D912F6 /* PhotosCollectionInteractor.swift */ = {isa = PBXFileReference; fileEncoding = 4; lastKnownFileType = sourcecode.swift; name = PhotosCollectionInteractor.swift; path = SearchPhoto/PhotosCollection/PhotosCollectionInteractor.swift; sourceTree = SOURCE_ROOT; };
		143E00042691CC6400D912F6 /* PhotosCollectionViewController.swift */ = {isa = PBXFileReference; fileEncoding = 4; lastKnownFileType = sourcecode.swift; name = PhotosCollectionViewController.swift; path = SearchPhoto/PhotosCollection/PhotosCollectionViewController.swift; sourceTree = SOURCE_ROOT; };
		143E000A2691CC9400D912F6 /* CoreDataStack.swift */ = {isa = PBXFileReference; fileEncoding = 4; lastKnownFileType = sourcecode.swift; name = CoreDataStack.swift; path = SearchPhoto/CoreDataStack.swift; sourceTree = SOURCE_ROOT; };
		143E000B2691CC9400D912F6 /* PhotosCollectionModel.swift */ = {isa = PBXFileReference; fileEncoding = 4; lastKnownFileType = sourcecode.swift; name = PhotosCollectionModel.swift; path = SearchPhoto/PhotosCollection/Model/PhotosCollectionModel.swift; sourceTree = SOURCE_ROOT; };
		143E000E2691CCA700D912F6 /* PhotosCollectionProvider.swift */ = {isa = PBXFileReference; fileEncoding = 4; lastKnownFileType = sourcecode.swift; name = PhotosCollectionProvider.swift; path = SearchPhoto/PhotosCollection/Provider/PhotosCollectionProvider.swift; sourceTree = SOURCE_ROOT; };
		145DFC442698F53200CDDF36 /* Images+CoreDataClass.swift */ = {isa = PBXFileReference; fileEncoding = 4; lastKnownFileType = sourcecode.swift; name = "Images+CoreDataClass.swift"; path = "Model/Images+CoreDataClass.swift"; sourceTree = SOURCE_ROOT; };
		145DFC452698F53200CDDF36 /* Images+CoreDataProperties.swift */ = {isa = PBXFileReference; fileEncoding = 4; lastKnownFileType = sourcecode.swift; name = "Images+CoreDataProperties.swift"; path = "Model/Images+CoreDataProperties.swift"; sourceTree = SOURCE_ROOT; };
		1466BA34269903860035F783 /* RecentTableViewDataStore.swift */ = {isa = PBXFileReference; lastKnownFileType = sourcecode.swift; path = RecentTableViewDataStore.swift; sourceTree = SOURCE_ROOT; };
		1466BA3A269903D80035F783 /* Recent+CoreDataProperties.swift */ = {isa = PBXFileReference; fileEncoding = 4; lastKnownFileType = sourcecode.swift; name = "Recent+CoreDataProperties.swift"; path = "Model/Recent+CoreDataProperties.swift"; sourceTree = SOURCE_ROOT; };
		1466BA3B269903D90035F783 /* Recent+CoreDataClass.swift */ = {isa = PBXFileReference; fileEncoding = 4; lastKnownFileType = sourcecode.swift; name = "Recent+CoreDataClass.swift"; path = "Model/Recent+CoreDataClass.swift"; sourceTree = SOURCE_ROOT; };
		1466BA3E2699077B0035F783 /* DIContainer.swift */ = {isa = PBXFileReference; lastKnownFileType = sourcecode.swift; path = DIContainer.swift; sourceTree = "<group>"; };
		146BABCF2692055200B10A43 /* MainTabBarController.swift */ = {isa = PBXFileReference; lastKnownFileType = sourcecode.swift; path = MainTabBarController.swift; sourceTree = SOURCE_ROOT; };
		146BABD426921FA900B10A43 /* FavoriteViewController.swift */ = {isa = PBXFileReference; lastKnownFileType = sourcecode.swift; path = FavoriteViewController.swift; sourceTree = "<group>"; };
		146BABD626921FE900B10A43 /* RandomImagesViewController.swift */ = {isa = PBXFileReference; lastKnownFileType = sourcecode.swift; path = RandomImagesViewController.swift; sourceTree = "<group>"; };
		1491D8AF269B043D007045AC /* PhotoViewerController.swift */ = {isa = PBXFileReference; lastKnownFileType = sourcecode.swift; path = PhotoViewerController.swift; sourceTree = "<group>"; };
		1491D8B1269B0E84007045AC /* PhotoViewerView.swift */ = {isa = PBXFileReference; lastKnownFileType = sourcecode.swift; path = PhotoViewerView.swift; sourceTree = "<group>"; };
		1491D8B3269B1F13007045AC /* ImageView_Extension.swift */ = {isa = PBXFileReference; lastKnownFileType = sourcecode.swift; path = ImageView_Extension.swift; sourceTree = "<group>"; };
		1491D8B5269B202B007045AC /* PhotoViewerModel.swift */ = {isa = PBXFileReference; lastKnownFileType = sourcecode.swift; path = PhotoViewerModel.swift; sourceTree = "<group>"; };
		1493EF2226934ECF000A9B08 /* PhotosTablieView.swift */ = {isa = PBXFileReference; lastKnownFileType = sourcecode.swift; name = PhotosTablieView.swift; path = SearchPhoto/PhotosCollection/View/PhotosTablieView.swift; sourceTree = SOURCE_ROOT; };
		1493EF2826935055000A9B08 /* PhotosTableViewCell.swift */ = {isa = PBXFileReference; lastKnownFileType = sourcecode.swift; name = PhotosTableViewCell.swift; path = SearchPhoto/PhotosCollection/View/PhotosTableViewCell.swift; sourceTree = SOURCE_ROOT; };
		4A385AF2268F515600EC0D51 /* SearchPhoto.app */ = {isa = PBXFileReference; explicitFileType = wrapper.application; includeInIndex = 0; path = SearchPhoto.app; sourceTree = BUILT_PRODUCTS_DIR; };
		4A385AF5268F515600EC0D51 /* AppDelegate.swift */ = {isa = PBXFileReference; lastKnownFileType = sourcecode.swift; path = AppDelegate.swift; sourceTree = "<group>"; };
		4A385AFF268F515600EC0D51 /* SearchPhoto.xcdatamodel */ = {isa = PBXFileReference; lastKnownFileType = wrapper.xcdatamodel; path = SearchPhoto.xcdatamodel; sourceTree = "<group>"; };
		4A385B01268F515D00EC0D51 /* Assets.xcassets */ = {isa = PBXFileReference; lastKnownFileType = folder.assetcatalog; path = Assets.xcassets; sourceTree = "<group>"; };
		4A385B04268F515D00EC0D51 /* Base */ = {isa = PBXFileReference; lastKnownFileType = file.storyboard; name = Base; path = Base.lproj/LaunchScreen.storyboard; sourceTree = "<group>"; };
		4A385B06268F515D00EC0D51 /* Info.plist */ = {isa = PBXFileReference; lastKnownFileType = text.plist.xml; path = Info.plist; sourceTree = "<group>"; };
		4A385B0B268F515D00EC0D51 /* SearchPhotoTests.xctest */ = {isa = PBXFileReference; explicitFileType = wrapper.cfbundle; includeInIndex = 0; path = SearchPhotoTests.xctest; sourceTree = BUILT_PRODUCTS_DIR; };
		4A385B0F268F515D00EC0D51 /* SearchPhotoTests.swift */ = {isa = PBXFileReference; lastKnownFileType = sourcecode.swift; path = SearchPhotoTests.swift; sourceTree = "<group>"; };
		4A385B11268F515D00EC0D51 /* Info.plist */ = {isa = PBXFileReference; lastKnownFileType = text.plist.xml; path = Info.plist; sourceTree = "<group>"; };
		4A385B16268F515E00EC0D51 /* SearchPhotoUITests.xctest */ = {isa = PBXFileReference; explicitFileType = wrapper.cfbundle; includeInIndex = 0; path = SearchPhotoUITests.xctest; sourceTree = BUILT_PRODUCTS_DIR; };
		4A385B1A268F515E00EC0D51 /* SearchPhotoUITests.swift */ = {isa = PBXFileReference; lastKnownFileType = sourcecode.swift; path = SearchPhotoUITests.swift; sourceTree = "<group>"; };
		4A385B1C268F515E00EC0D51 /* Info.plist */ = {isa = PBXFileReference; lastKnownFileType = text.plist.xml; path = Info.plist; sourceTree = "<group>"; };
		4A9BF5E826986A0C00302AC3 /* APIMethods.swift */ = {isa = PBXFileReference; fileEncoding = 4; lastKnownFileType = sourcecode.swift; path = APIMethods.swift; sourceTree = "<group>"; };
		4A9BF5E926986A0D00302AC3 /* API.swift */ = {isa = PBXFileReference; fileEncoding = 4; lastKnownFileType = sourcecode.swift; path = API.swift; sourceTree = "<group>"; };
/* End PBXFileReference section */

/* Begin PBXFrameworksBuildPhase section */
		4A385AEF268F515500EC0D51 /* Frameworks */ = {
			isa = PBXFrameworksBuildPhase;
			buildActionMask = 2147483647;
			files = (
			);
			runOnlyForDeploymentPostprocessing = 0;
		};
		4A385B08268F515D00EC0D51 /* Frameworks */ = {
			isa = PBXFrameworksBuildPhase;
			buildActionMask = 2147483647;
			files = (
			);
			runOnlyForDeploymentPostprocessing = 0;
		};
		4A385B13268F515E00EC0D51 /* Frameworks */ = {
			isa = PBXFrameworksBuildPhase;
			buildActionMask = 2147483647;
			files = (
			);
			runOnlyForDeploymentPostprocessing = 0;
		};
/* End PBXFrameworksBuildPhase section */

/* Begin PBXGroup section */
		143E00142691CCE000D912F6 /* Resources */ = {
			isa = PBXGroup;
			children = (
				4A385B03268F515D00EC0D51 /* LaunchScreen.storyboard */,
				4A385B01268F515D00EC0D51 /* Assets.xcassets */,
			);
			path = Resources;
			sourceTree = "<group>";
		};
		145DFC3E2698F29E00CDDF36 /* DataStore */ = {
			isa = PBXGroup;
			children = (
				142C23A22698DE2000C99E54 /* PhotosTableViewDataStore.swift */,
				1466BA34269903860035F783 /* RecentTableViewDataStore.swift */,
			);
			name = DataStore;
			sourceTree = "<group>";
		};
		145DFC3F2698F2B500CDDF36 /* Delegate */ = {
			isa = PBXGroup;
			children = (
				142C23A02698DE1700C99E54 /* PhotosTableViewDelegate.swift */,
				1414AF1E2699BED200B9066C /* RecentTableViewDelegate.swift */,
			);
			name = Delegate;
			sourceTree = "<group>";
		};
		146BABD226921F6000B10A43 /* RandomImages */ = {
			isa = PBXGroup;
			children = (
				146BABD626921FE900B10A43 /* RandomImagesViewController.swift */,
				1414AF202699FEC000B9066C /* WaterfallLayout.swift */,
			);
			path = RandomImages;
			sourceTree = "<group>";
		};
		146BABD326921F8800B10A43 /* FavoritePicture */ = {
			isa = PBXGroup;
			children = (
				146BABD426921FA900B10A43 /* FavoriteViewController.swift */,
			);
			path = FavoritePicture;
			sourceTree = "<group>";
		};
		14D38CF92698E56000E949BF /* PhotoViewer */ = {
			isa = PBXGroup;
			children = (
				1491D8AF269B043D007045AC /* PhotoViewerController.swift */,
				1491D8B1269B0E84007045AC /* PhotoViewerView.swift */,
				1491D8B5269B202B007045AC /* PhotoViewerModel.swift */,
			);
			path = PhotoViewer;
			sourceTree = "<group>";
		};
		4A385AE9268F515500EC0D51 = {
			isa = PBXGroup;
			children = (
				4A385AF4268F515600EC0D51 /* SearchPhoto */,
				4A385B0E268F515D00EC0D51 /* SearchPhotoTests */,
				4A385B19268F515E00EC0D51 /* SearchPhotoUITests */,
				4A385AF3268F515600EC0D51 /* Products */,
			);
			sourceTree = "<group>";
		};
		4A385AF3268F515600EC0D51 /* Products */ = {
			isa = PBXGroup;
			children = (
				4A385AF2268F515600EC0D51 /* SearchPhoto.app */,
				4A385B0B268F515D00EC0D51 /* SearchPhotoTests.xctest */,
				4A385B16268F515E00EC0D51 /* SearchPhotoUITests.xctest */,
			);
			name = Products;
			sourceTree = "<group>";
		};
		4A385AF4268F515600EC0D51 /* SearchPhoto */ = {
			isa = PBXGroup;
			children = (
				146BABCF2692055200B10A43 /* MainTabBarController.swift */,
				4A385AF5268F515600EC0D51 /* AppDelegate.swift */,
				143E000A2691CC9400D912F6 /* CoreDataStack.swift */,
				1466BA3E2699077B0035F783 /* DIContainer.swift */,
				14D38CF92698E56000E949BF /* PhotoViewer */,
				146BABD326921F8800B10A43 /* FavoritePicture */,
				146BABD226921F6000B10A43 /* RandomImages */,
				4A940964268FC47E00ED9CB1 /* PhotosCollection */,
				4A85F237269264EC006BEE9C /* Service */,
				143E00142691CCE000D912F6 /* Resources */,
				4A385B06268F515D00EC0D51 /* Info.plist */,
				4A385AFE268F515600EC0D51 /* SearchPhoto.xcdatamodeld */,
			);
			path = SearchPhoto;
			sourceTree = "<group>";
		};
		4A385B0E268F515D00EC0D51 /* SearchPhotoTests */ = {
			isa = PBXGroup;
			children = (
				4A385B0F268F515D00EC0D51 /* SearchPhotoTests.swift */,
				4A385B11268F515D00EC0D51 /* Info.plist */,
			);
			path = SearchPhotoTests;
			sourceTree = "<group>";
		};
		4A385B19268F515E00EC0D51 /* SearchPhotoUITests */ = {
			isa = PBXGroup;
			children = (
				4A385B1A268F515E00EC0D51 /* SearchPhotoUITests.swift */,
				4A385B1C268F515E00EC0D51 /* Info.plist */,
			);
			path = SearchPhotoUITests;
			sourceTree = "<group>";
		};
		4A85F237269264EC006BEE9C /* Service */ = {
			isa = PBXGroup;
			children = (
				4A9BF5E926986A0D00302AC3 /* API.swift */,
				4A9BF5E826986A0C00302AC3 /* APIMethods.swift */,
				1491D8B3269B1F13007045AC /* ImageView_Extension.swift */,
			);
			path = Service;
			sourceTree = "<group>";
		};
		4A94095E268FC47E00ED9CB1 /* Provider */ = {
			isa = PBXGroup;
			children = (
				142C23A32698DE2000C99E54 /* PhotosCollectionService.swift */,
				143E000E2691CCA700D912F6 /* PhotosCollectionProvider.swift */,
			);
			path = Provider;
			sourceTree = "<group>";
		};
		4A940961268FC47E00ED9CB1 /* Model */ = {
			isa = PBXGroup;
			children = (
				143E000B2691CC9400D912F6 /* PhotosCollectionModel.swift */,
				1466BA3B269903D90035F783 /* Recent+CoreDataClass.swift */,
				1466BA3A269903D80035F783 /* Recent+CoreDataProperties.swift */,
				145DFC442698F53200CDDF36 /* Images+CoreDataClass.swift */,
				145DFC452698F53200CDDF36 /* Images+CoreDataProperties.swift */,
			);
			path = Model;
			sourceTree = "<group>";
		};
		4A940963268FC47E00ED9CB1 /* View */ = {
			isa = PBXGroup;
			children = (
				1493EF2226934ECF000A9B08 /* PhotosTablieView.swift */,
				1493EF2826935055000A9B08 /* PhotosTableViewCell.swift */,
				142C23A82698DE3D00C99E54 /* RecentTableView.swift */,
				142C23A62698DE3B00C99E54 /* RecentTableViewCell.swift */,
			);
			path = View;
			sourceTree = "<group>";
		};
		4A940964268FC47E00ED9CB1 /* PhotosCollection */ = {
			isa = PBXGroup;
			children = (
				143E00032691CC6400D912F6 /* PhotosCollectionInteractor.swift */,
				143E00022691CC6400D912F6 /* PhotosCollectionBuilder.swift */,
				143E00002691CC6400D912F6 /* PhotosCollectionDataFlow.swift */,
				143E00012691CC6400D912F6 /* PhotosCollectionPresenter.swift */,
				143E00042691CC6400D912F6 /* PhotosCollectionViewController.swift */,
				4A94095E268FC47E00ED9CB1 /* Provider */,
				145DFC3F2698F2B500CDDF36 /* Delegate */,
				145DFC3E2698F29E00CDDF36 /* DataStore */,
				4A940961268FC47E00ED9CB1 /* Model */,
				4A940963268FC47E00ED9CB1 /* View */,
			);
			name = PhotosCollection;
			path = /Users/arturlutfullin/Desktop/SearchPhoto/SearchPhoto/PhotosCollection;
			sourceTree = "<absolute>";
		};
/* End PBXGroup section */

/* Begin PBXNativeTarget section */
		4A385AF1268F515500EC0D51 /* SearchPhoto */ = {
			isa = PBXNativeTarget;
			buildConfigurationList = 4A385B1F268F515E00EC0D51 /* Build configuration list for PBXNativeTarget "SearchPhoto" */;
			buildPhases = (
				4A385AEE268F515500EC0D51 /* Sources */,
				4A385AEF268F515500EC0D51 /* Frameworks */,
				4A385AF0268F515500EC0D51 /* Resources */,
			);
			buildRules = (
			);
			dependencies = (
			);
			name = SearchPhoto;
			productName = SearchPhoto;
			productReference = 4A385AF2268F515600EC0D51 /* SearchPhoto.app */;
			productType = "com.apple.product-type.application";
		};
		4A385B0A268F515D00EC0D51 /* SearchPhotoTests */ = {
			isa = PBXNativeTarget;
			buildConfigurationList = 4A385B22268F515E00EC0D51 /* Build configuration list for PBXNativeTarget "SearchPhotoTests" */;
			buildPhases = (
				4A385B07268F515D00EC0D51 /* Sources */,
				4A385B08268F515D00EC0D51 /* Frameworks */,
				4A385B09268F515D00EC0D51 /* Resources */,
			);
			buildRules = (
			);
			dependencies = (
				4A385B0D268F515D00EC0D51 /* PBXTargetDependency */,
			);
			name = SearchPhotoTests;
			productName = SearchPhotoTests;
			productReference = 4A385B0B268F515D00EC0D51 /* SearchPhotoTests.xctest */;
			productType = "com.apple.product-type.bundle.unit-test";
		};
		4A385B15268F515E00EC0D51 /* SearchPhotoUITests */ = {
			isa = PBXNativeTarget;
			buildConfigurationList = 4A385B25268F515E00EC0D51 /* Build configuration list for PBXNativeTarget "SearchPhotoUITests" */;
			buildPhases = (
				4A385B12268F515E00EC0D51 /* Sources */,
				4A385B13268F515E00EC0D51 /* Frameworks */,
				4A385B14268F515E00EC0D51 /* Resources */,
			);
			buildRules = (
			);
			dependencies = (
				4A385B18268F515E00EC0D51 /* PBXTargetDependency */,
			);
			name = SearchPhotoUITests;
			productName = SearchPhotoUITests;
			productReference = 4A385B16268F515E00EC0D51 /* SearchPhotoUITests.xctest */;
			productType = "com.apple.product-type.bundle.ui-testing";
		};
/* End PBXNativeTarget section */

/* Begin PBXProject section */
		4A385AEA268F515500EC0D51 /* Project object */ = {
			isa = PBXProject;
			attributes = {
				LastSwiftUpdateCheck = 1250;
				LastUpgradeCheck = 1250;
				TargetAttributes = {
					4A385AF1268F515500EC0D51 = {
						CreatedOnToolsVersion = 12.5.1;
					};
					4A385B0A268F515D00EC0D51 = {
						CreatedOnToolsVersion = 12.5.1;
						TestTargetID = 4A385AF1268F515500EC0D51;
					};
					4A385B15268F515E00EC0D51 = {
						CreatedOnToolsVersion = 12.5.1;
						TestTargetID = 4A385AF1268F515500EC0D51;
					};
				};
			};
			buildConfigurationList = 4A385AED268F515500EC0D51 /* Build configuration list for PBXProject "SearchPhoto" */;
			compatibilityVersion = "Xcode 9.3";
			developmentRegion = en;
			hasScannedForEncodings = 0;
			knownRegions = (
				en,
				Base,
			);
			mainGroup = 4A385AE9268F515500EC0D51;
			productRefGroup = 4A385AF3268F515600EC0D51 /* Products */;
			projectDirPath = "";
			projectRoot = "";
			targets = (
				4A385AF1268F515500EC0D51 /* SearchPhoto */,
				4A385B0A268F515D00EC0D51 /* SearchPhotoTests */,
				4A385B15268F515E00EC0D51 /* SearchPhotoUITests */,
			);
		};
/* End PBXProject section */

/* Begin PBXResourcesBuildPhase section */
		4A385AF0268F515500EC0D51 /* Resources */ = {
			isa = PBXResourcesBuildPhase;
			buildActionMask = 2147483647;
			files = (
				4A385B05268F515D00EC0D51 /* LaunchScreen.storyboard in Resources */,
				4A385B02268F515D00EC0D51 /* Assets.xcassets in Resources */,
			);
			runOnlyForDeploymentPostprocessing = 0;
		};
		4A385B09268F515D00EC0D51 /* Resources */ = {
			isa = PBXResourcesBuildPhase;
			buildActionMask = 2147483647;
			files = (
			);
			runOnlyForDeploymentPostprocessing = 0;
		};
		4A385B14268F515E00EC0D51 /* Resources */ = {
			isa = PBXResourcesBuildPhase;
			buildActionMask = 2147483647;
			files = (
			);
			runOnlyForDeploymentPostprocessing = 0;
		};
/* End PBXResourcesBuildPhase section */

/* Begin PBXSourcesBuildPhase section */
		4A385AEE268F515500EC0D51 /* Sources */ = {
			isa = PBXSourcesBuildPhase;
			buildActionMask = 2147483647;
			files = (
				1466BA3F2699077B0035F783 /* DIContainer.swift in Sources */,
				1466BA35269903860035F783 /* RecentTableViewDataStore.swift in Sources */,
				4A385B00268F515600EC0D51 /* SearchPhoto.xcdatamodeld in Sources */,
				1466BA3C269903D90035F783 /* Recent+CoreDataProperties.swift in Sources */,
				143E000D2691CC9400D912F6 /* PhotosCollectionModel.swift in Sources */,
				1414AF1F2699BED200B9066C /* RecentTableViewDelegate.swift in Sources */,
				142C23A92698DE3D00C99E54 /* RecentTableView.swift in Sources */,
				1491D8B2269B0E84007045AC /* PhotoViewerView.swift in Sources */,
				1493EF2926935055000A9B08 /* PhotosTableViewCell.swift in Sources */,
				145DFC472698F53200CDDF36 /* Images+CoreDataProperties.swift in Sources */,
				143E00082691CC6400D912F6 /* PhotosCollectionInteractor.swift in Sources */,
				142C23A72698DE3B00C99E54 /* RecentTableViewCell.swift in Sources */,
				4A9BF5EA26986A0D00302AC3 /* APIMethods.swift in Sources */,
				1493EF2326934ECF000A9B08 /* PhotosTablieView.swift in Sources */,
				1491D8B6269B202B007045AC /* PhotoViewerModel.swift in Sources */,
				143E00062691CC6400D912F6 /* PhotosCollectionPresenter.swift in Sources */,
				1466BA3D269903D90035F783 /* Recent+CoreDataClass.swift in Sources */,
				143E00052691CC6400D912F6 /* PhotosCollectionDataFlow.swift in Sources */,
				1491D8B0269B043D007045AC /* PhotoViewerController.swift in Sources */,
				145DFC462698F53200CDDF36 /* Images+CoreDataClass.swift in Sources */,
				142C23A52698DE2000C99E54 /* PhotosCollectionService.swift in Sources */,
				143E00102691CCA800D912F6 /* PhotosCollectionProvider.swift in Sources */,
				143E00092691CC6400D912F6 /* PhotosCollectionViewController.swift in Sources */,
				143E00072691CC6400D912F6 /* PhotosCollectionBuilder.swift in Sources */,
				146BABD726921FE900B10A43 /* RandomImagesViewController.swift in Sources */,
				146BABD526921FA900B10A43 /* FavoriteViewController.swift in Sources */,
				4A385AF6268F515600EC0D51 /* AppDelegate.swift in Sources */,
				1491D8B4269B1F13007045AC /* ImageView_Extension.swift in Sources */,
				143E000C2691CC9400D912F6 /* CoreDataStack.swift in Sources */,
				142C23A12698DE1700C99E54 /* PhotosTableViewDelegate.swift in Sources */,
				146BABD02692055200B10A43 /* MainTabBarController.swift in Sources */,
				4A9BF5EB26986A0D00302AC3 /* API.swift in Sources */,
				1414AF212699FEC000B9066C /* WaterfallLayout.swift in Sources */,
				142C23A42698DE2000C99E54 /* PhotosTableViewDataStore.swift in Sources */,
			);
			runOnlyForDeploymentPostprocessing = 0;
		};
		4A385B07268F515D00EC0D51 /* Sources */ = {
			isa = PBXSourcesBuildPhase;
			buildActionMask = 2147483647;
			files = (
				4A385B10268F515D00EC0D51 /* SearchPhotoTests.swift in Sources */,
			);
			runOnlyForDeploymentPostprocessing = 0;
		};
		4A385B12268F515E00EC0D51 /* Sources */ = {
			isa = PBXSourcesBuildPhase;
			buildActionMask = 2147483647;
			files = (
				4A385B1B268F515E00EC0D51 /* SearchPhotoUITests.swift in Sources */,
			);
			runOnlyForDeploymentPostprocessing = 0;
		};
/* End PBXSourcesBuildPhase section */

/* Begin PBXTargetDependency section */
		4A385B0D268F515D00EC0D51 /* PBXTargetDependency */ = {
			isa = PBXTargetDependency;
			target = 4A385AF1268F515500EC0D51 /* SearchPhoto */;
			targetProxy = 4A385B0C268F515D00EC0D51 /* PBXContainerItemProxy */;
		};
		4A385B18268F515E00EC0D51 /* PBXTargetDependency */ = {
			isa = PBXTargetDependency;
			target = 4A385AF1268F515500EC0D51 /* SearchPhoto */;
			targetProxy = 4A385B17268F515E00EC0D51 /* PBXContainerItemProxy */;
		};
/* End PBXTargetDependency section */

/* Begin PBXVariantGroup section */
		4A385B03268F515D00EC0D51 /* LaunchScreen.storyboard */ = {
			isa = PBXVariantGroup;
			children = (
				4A385B04268F515D00EC0D51 /* Base */,
			);
			name = LaunchScreen.storyboard;
			sourceTree = "<group>";
		};
/* End PBXVariantGroup section */

/* Begin XCBuildConfiguration section */
		4A385B1D268F515E00EC0D51 /* Debug */ = {
			isa = XCBuildConfiguration;
			buildSettings = {
				ALWAYS_SEARCH_USER_PATHS = NO;
				CLANG_ANALYZER_NONNULL = YES;
				CLANG_ANALYZER_NUMBER_OBJECT_CONVERSION = YES_AGGRESSIVE;
				CLANG_CXX_LANGUAGE_STANDARD = "gnu++14";
				CLANG_CXX_LIBRARY = "libc++";
				CLANG_ENABLE_MODULES = YES;
				CLANG_ENABLE_OBJC_ARC = YES;
				CLANG_ENABLE_OBJC_WEAK = YES;
				CLANG_WARN_BLOCK_CAPTURE_AUTORELEASING = YES;
				CLANG_WARN_BOOL_CONVERSION = YES;
				CLANG_WARN_COMMA = YES;
				CLANG_WARN_CONSTANT_CONVERSION = YES;
				CLANG_WARN_DEPRECATED_OBJC_IMPLEMENTATIONS = YES;
				CLANG_WARN_DIRECT_OBJC_ISA_USAGE = YES_ERROR;
				CLANG_WARN_DOCUMENTATION_COMMENTS = YES;
				CLANG_WARN_EMPTY_BODY = YES;
				CLANG_WARN_ENUM_CONVERSION = YES;
				CLANG_WARN_INFINITE_RECURSION = YES;
				CLANG_WARN_INT_CONVERSION = YES;
				CLANG_WARN_NON_LITERAL_NULL_CONVERSION = YES;
				CLANG_WARN_OBJC_IMPLICIT_RETAIN_SELF = YES;
				CLANG_WARN_OBJC_LITERAL_CONVERSION = YES;
				CLANG_WARN_OBJC_ROOT_CLASS = YES_ERROR;
				CLANG_WARN_QUOTED_INCLUDE_IN_FRAMEWORK_HEADER = YES;
				CLANG_WARN_RANGE_LOOP_ANALYSIS = YES;
				CLANG_WARN_STRICT_PROTOTYPES = YES;
				CLANG_WARN_SUSPICIOUS_MOVE = YES;
				CLANG_WARN_UNGUARDED_AVAILABILITY = YES_AGGRESSIVE;
				CLANG_WARN_UNREACHABLE_CODE = YES;
				CLANG_WARN__DUPLICATE_METHOD_MATCH = YES;
				COPY_PHASE_STRIP = NO;
				DEBUG_INFORMATION_FORMAT = dwarf;
				ENABLE_STRICT_OBJC_MSGSEND = YES;
				ENABLE_TESTABILITY = YES;
				GCC_C_LANGUAGE_STANDARD = gnu11;
				GCC_DYNAMIC_NO_PIC = NO;
				GCC_NO_COMMON_BLOCKS = YES;
				GCC_OPTIMIZATION_LEVEL = 0;
				GCC_PREPROCESSOR_DEFINITIONS = (
					"DEBUG=1",
					"$(inherited)",
				);
				GCC_WARN_64_TO_32_BIT_CONVERSION = YES;
				GCC_WARN_ABOUT_RETURN_TYPE = YES_ERROR;
				GCC_WARN_UNDECLARED_SELECTOR = YES;
				GCC_WARN_UNINITIALIZED_AUTOS = YES_AGGRESSIVE;
				GCC_WARN_UNUSED_FUNCTION = YES;
				GCC_WARN_UNUSED_VARIABLE = YES;
				IPHONEOS_DEPLOYMENT_TARGET = 13.0;
				MTL_ENABLE_DEBUG_INFO = INCLUDE_SOURCE;
				MTL_FAST_MATH = YES;
				ONLY_ACTIVE_ARCH = YES;
				SDKROOT = iphoneos;
				SWIFT_ACTIVE_COMPILATION_CONDITIONS = DEBUG;
				SWIFT_OPTIMIZATION_LEVEL = "-Onone";
			};
			name = Debug;
		};
		4A385B1E268F515E00EC0D51 /* Release */ = {
			isa = XCBuildConfiguration;
			buildSettings = {
				ALWAYS_SEARCH_USER_PATHS = NO;
				CLANG_ANALYZER_NONNULL = YES;
				CLANG_ANALYZER_NUMBER_OBJECT_CONVERSION = YES_AGGRESSIVE;
				CLANG_CXX_LANGUAGE_STANDARD = "gnu++14";
				CLANG_CXX_LIBRARY = "libc++";
				CLANG_ENABLE_MODULES = YES;
				CLANG_ENABLE_OBJC_ARC = YES;
				CLANG_ENABLE_OBJC_WEAK = YES;
				CLANG_WARN_BLOCK_CAPTURE_AUTORELEASING = YES;
				CLANG_WARN_BOOL_CONVERSION = YES;
				CLANG_WARN_COMMA = YES;
				CLANG_WARN_CONSTANT_CONVERSION = YES;
				CLANG_WARN_DEPRECATED_OBJC_IMPLEMENTATIONS = YES;
				CLANG_WARN_DIRECT_OBJC_ISA_USAGE = YES_ERROR;
				CLANG_WARN_DOCUMENTATION_COMMENTS = YES;
				CLANG_WARN_EMPTY_BODY = YES;
				CLANG_WARN_ENUM_CONVERSION = YES;
				CLANG_WARN_INFINITE_RECURSION = YES;
				CLANG_WARN_INT_CONVERSION = YES;
				CLANG_WARN_NON_LITERAL_NULL_CONVERSION = YES;
				CLANG_WARN_OBJC_IMPLICIT_RETAIN_SELF = YES;
				CLANG_WARN_OBJC_LITERAL_CONVERSION = YES;
				CLANG_WARN_OBJC_ROOT_CLASS = YES_ERROR;
				CLANG_WARN_QUOTED_INCLUDE_IN_FRAMEWORK_HEADER = YES;
				CLANG_WARN_RANGE_LOOP_ANALYSIS = YES;
				CLANG_WARN_STRICT_PROTOTYPES = YES;
				CLANG_WARN_SUSPICIOUS_MOVE = YES;
				CLANG_WARN_UNGUARDED_AVAILABILITY = YES_AGGRESSIVE;
				CLANG_WARN_UNREACHABLE_CODE = YES;
				CLANG_WARN__DUPLICATE_METHOD_MATCH = YES;
				COPY_PHASE_STRIP = NO;
				DEBUG_INFORMATION_FORMAT = "dwarf-with-dsym";
				ENABLE_NS_ASSERTIONS = NO;
				ENABLE_STRICT_OBJC_MSGSEND = YES;
				GCC_C_LANGUAGE_STANDARD = gnu11;
				GCC_NO_COMMON_BLOCKS = YES;
				GCC_WARN_64_TO_32_BIT_CONVERSION = YES;
				GCC_WARN_ABOUT_RETURN_TYPE = YES_ERROR;
				GCC_WARN_UNDECLARED_SELECTOR = YES;
				GCC_WARN_UNINITIALIZED_AUTOS = YES_AGGRESSIVE;
				GCC_WARN_UNUSED_FUNCTION = YES;
				GCC_WARN_UNUSED_VARIABLE = YES;
				IPHONEOS_DEPLOYMENT_TARGET = 13.0;
				MTL_ENABLE_DEBUG_INFO = NO;
				MTL_FAST_MATH = YES;
				SDKROOT = iphoneos;
				SWIFT_COMPILATION_MODE = wholemodule;
				SWIFT_OPTIMIZATION_LEVEL = "-O";
				VALIDATE_PRODUCT = YES;
			};
			name = Release;
		};
		4A385B20268F515E00EC0D51 /* Debug */ = {
			isa = XCBuildConfiguration;
			buildSettings = {
				ASSETCATALOG_COMPILER_APPICON_NAME = AppIcon;
				ASSETCATALOG_COMPILER_GLOBAL_ACCENT_COLOR_NAME = AccentColor;
				CODE_SIGN_STYLE = Automatic;
				DEVELOPMENT_TEAM = R7476264FZ;
				INFOPLIST_FILE = SearchPhoto/Info.plist;
				LD_RUNPATH_SEARCH_PATHS = (
					"$(inherited)",
					"@executable_path/Frameworks",
				);
				PRODUCT_BUNDLE_IDENTIFIER = com.ALR.SearchPhoto;
				PRODUCT_NAME = "$(TARGET_NAME)";
				SWIFT_VERSION = 5.0;
				TARGETED_DEVICE_FAMILY = 1;
			};
			name = Debug;
		};
		4A385B21268F515E00EC0D51 /* Release */ = {
			isa = XCBuildConfiguration;
			buildSettings = {
				ASSETCATALOG_COMPILER_APPICON_NAME = AppIcon;
				ASSETCATALOG_COMPILER_GLOBAL_ACCENT_COLOR_NAME = AccentColor;
				CODE_SIGN_STYLE = Automatic;
				DEVELOPMENT_TEAM = R7476264FZ;
				INFOPLIST_FILE = SearchPhoto/Info.plist;
				LD_RUNPATH_SEARCH_PATHS = (
					"$(inherited)",
					"@executable_path/Frameworks",
				);
				PRODUCT_BUNDLE_IDENTIFIER = com.ALR.SearchPhoto;
				PRODUCT_NAME = "$(TARGET_NAME)";
				SWIFT_VERSION = 5.0;
				TARGETED_DEVICE_FAMILY = 1;
			};
			name = Release;
		};
		4A385B23268F515E00EC0D51 /* Debug */ = {
			isa = XCBuildConfiguration;
			buildSettings = {
				ALWAYS_EMBED_SWIFT_STANDARD_LIBRARIES = YES;
				BUNDLE_LOADER = "$(TEST_HOST)";
				CODE_SIGN_STYLE = Automatic;
				DEVELOPMENT_TEAM = R7476264FZ;
				INFOPLIST_FILE = SearchPhotoTests/Info.plist;
				IPHONEOS_DEPLOYMENT_TARGET = 13.0;
				LD_RUNPATH_SEARCH_PATHS = (
					"$(inherited)",
					"@executable_path/Frameworks",
					"@loader_path/Frameworks",
				);
				PRODUCT_BUNDLE_IDENTIFIER = com.ALR.SearchPhotoTests;
				PRODUCT_NAME = "$(TARGET_NAME)";
				SWIFT_VERSION = 5.0;
				TARGETED_DEVICE_FAMILY = "1,2";
				TEST_HOST = "$(BUILT_PRODUCTS_DIR)/SearchPhoto.app/SearchPhoto";
			};
			name = Debug;
		};
		4A385B24268F515E00EC0D51 /* Release */ = {
			isa = XCBuildConfiguration;
			buildSettings = {
				ALWAYS_EMBED_SWIFT_STANDARD_LIBRARIES = YES;
				BUNDLE_LOADER = "$(TEST_HOST)";
				CODE_SIGN_STYLE = Automatic;
				DEVELOPMENT_TEAM = R7476264FZ;
				INFOPLIST_FILE = SearchPhotoTests/Info.plist;
				IPHONEOS_DEPLOYMENT_TARGET = 13.0;
				LD_RUNPATH_SEARCH_PATHS = (
					"$(inherited)",
					"@executable_path/Frameworks",
					"@loader_path/Frameworks",
				);
				PRODUCT_BUNDLE_IDENTIFIER = com.ALR.SearchPhotoTests;
				PRODUCT_NAME = "$(TARGET_NAME)";
				SWIFT_VERSION = 5.0;
				TARGETED_DEVICE_FAMILY = "1,2";
				TEST_HOST = "$(BUILT_PRODUCTS_DIR)/SearchPhoto.app/SearchPhoto";
			};
			name = Release;
		};
		4A385B26268F515E00EC0D51 /* Debug */ = {
			isa = XCBuildConfiguration;
			buildSettings = {
				ALWAYS_EMBED_SWIFT_STANDARD_LIBRARIES = YES;
				CODE_SIGN_STYLE = Automatic;
				DEVELOPMENT_TEAM = R7476264FZ;
				INFOPLIST_FILE = SearchPhotoUITests/Info.plist;
				LD_RUNPATH_SEARCH_PATHS = (
					"$(inherited)",
					"@executable_path/Frameworks",
					"@loader_path/Frameworks",
				);
				PRODUCT_BUNDLE_IDENTIFIER = com.ALR.SearchPhotoUITests;
				PRODUCT_NAME = "$(TARGET_NAME)";
				SWIFT_VERSION = 5.0;
				TARGETED_DEVICE_FAMILY = "1,2";
				TEST_TARGET_NAME = SearchPhoto;
			};
			name = Debug;
		};
		4A385B27268F515E00EC0D51 /* Release */ = {
			isa = XCBuildConfiguration;
			buildSettings = {
				ALWAYS_EMBED_SWIFT_STANDARD_LIBRARIES = YES;
				CODE_SIGN_STYLE = Automatic;
				DEVELOPMENT_TEAM = R7476264FZ;
				INFOPLIST_FILE = SearchPhotoUITests/Info.plist;
				LD_RUNPATH_SEARCH_PATHS = (
					"$(inherited)",
					"@executable_path/Frameworks",
					"@loader_path/Frameworks",
				);
				PRODUCT_BUNDLE_IDENTIFIER = com.ALR.SearchPhotoUITests;
				PRODUCT_NAME = "$(TARGET_NAME)";
				SWIFT_VERSION = 5.0;
				TARGETED_DEVICE_FAMILY = "1,2";
				TEST_TARGET_NAME = SearchPhoto;
			};
			name = Release;
		};
/* End XCBuildConfiguration section */

/* Begin XCConfigurationList section */
		4A385AED268F515500EC0D51 /* Build configuration list for PBXProject "SearchPhoto" */ = {
			isa = XCConfigurationList;
			buildConfigurations = (
				4A385B1D268F515E00EC0D51 /* Debug */,
				4A385B1E268F515E00EC0D51 /* Release */,
			);
			defaultConfigurationIsVisible = 0;
			defaultConfigurationName = Release;
		};
		4A385B1F268F515E00EC0D51 /* Build configuration list for PBXNativeTarget "SearchPhoto" */ = {
			isa = XCConfigurationList;
			buildConfigurations = (
				4A385B20268F515E00EC0D51 /* Debug */,
				4A385B21268F515E00EC0D51 /* Release */,
			);
			defaultConfigurationIsVisible = 0;
			defaultConfigurationName = Release;
		};
		4A385B22268F515E00EC0D51 /* Build configuration list for PBXNativeTarget "SearchPhotoTests" */ = {
			isa = XCConfigurationList;
			buildConfigurations = (
				4A385B23268F515E00EC0D51 /* Debug */,
				4A385B24268F515E00EC0D51 /* Release */,
			);
			defaultConfigurationIsVisible = 0;
			defaultConfigurationName = Release;
		};
		4A385B25268F515E00EC0D51 /* Build configuration list for PBXNativeTarget "SearchPhotoUITests" */ = {
			isa = XCConfigurationList;
			buildConfigurations = (
				4A385B26268F515E00EC0D51 /* Debug */,
				4A385B27268F515E00EC0D51 /* Release */,
			);
			defaultConfigurationIsVisible = 0;
			defaultConfigurationName = Release;
		};
/* End XCConfigurationList section */

/* Begin XCVersionGroup section */
		4A385AFE268F515600EC0D51 /* SearchPhoto.xcdatamodeld */ = {
			isa = XCVersionGroup;
			children = (
				4A385AFF268F515600EC0D51 /* SearchPhoto.xcdatamodel */,
			);
			currentVersion = 4A385AFF268F515600EC0D51 /* SearchPhoto.xcdatamodel */;
			path = SearchPhoto.xcdatamodeld;
			sourceTree = "<group>";
			versionGroupType = wrapper.xcdatamodel;
		};
/* End XCVersionGroup section */
	};
	rootObject = 4A385AEA268F515500EC0D51 /* Project object */;
}
